
Microsoft Visual Studio Solution File, Format Version 12.00
# Visual Studio Version 16
VisualStudioVersion = 16.0.30225.117
MinimumVisualStudioVersion = 10.0.40219.1
Project("{FAE04EC0-301F-11D3-BF4B-00C04F79EFBC}") = "QlityG", "QlityG.csproj", "{C7647582-0DB1-4AAC-9967-694D613BC31D}"
EndProject
Global
	GlobalSection(SolutionConfigurationPlatforms) = preSolution
		Debug|Any CPU = Debug|Any CPU
		Release|Any CPU = Release|Any CPU
	EndGlobalSection
	GlobalSection(ProjectConfigurationPlatforms) = postSolution
		{C7647582-0DB1-4AAC-9967-694D613BC31D}.Debug|Any CPU.ActiveCfg = Debug|Any CPU
		{C7647582-0DB1-4AAC-9967-694D613BC31D}.Debug|Any CPU.Build.0 = Debug|Any CPU
		{C7647582-0DB1-4AAC-9967-694D613BC31D}.Release|Any CPU.ActiveCfg = Release|Any CPU
		{C7647582-0DB1-4AAC-9967-694D613BC31D}.Release|Any CPU.Build.0 = Release|Any CPU
	EndGlobalSection
	GlobalSection(SolutionProperties) = preSolution
		HideSolutionNode = FALSE
	EndGlobalSection
	GlobalSection(ExtensibilityGlobals) = postSolution
		SolutionGuid = {61C6702E-3124-4667-BAFF-91565B06FA8B}
	EndGlobalSection
EndGlobal
